
Microsoft Visual Studio Solution File, Format Version 12.00
# Visual Studio Version 16
VisualStudioVersion = 16.0.31402.337
MinimumVisualStudioVersion = 10.0.40219.1
Project("{2150E333-8FDC-42A3-9474-1A3956D46DE8}") = "B1", "B1", "{ECA9B94F-B3D6-431E-9671-E4DB5947E760}"
EndProject
Project("{2150E333-8FDC-42A3-9474-1A3956D46DE8}") = "B2", "B2", "{9752F5A5-D360-4427-B4FC-BE31CDFEC030}"
EndProject
Project("{2150E333-8FDC-42A3-9474-1A3956D46DE8}") = "B3", "B3", "{A6F394AD-8D09-4240-8247-D3CD4148EDE3}"
EndProject
Project("{2150E333-8FDC-42A3-9474-1A3956D46DE8}") = "B4", "B4", "{6B46D122-F5C4-4410-B7D3-54DA28D8B8BC}"
EndProject
Project("{FAE04EC0-301F-11D3-BF4B-00C04F79EFBC}") = "Exceptions", "Exceptions\Exceptions.csproj", "{FD615E04-1B7E-441F-B6C5-7B3020CF59AC}"
EndProject
Project("{FAE04EC0-301F-11D3-BF4B-00C04F79EFBC}") = "Exceptions.Circle", "Exceptions.Cirvle\Exceptions.Circle.csproj", "{C2B71F6B-7041-4933-BA3A-0DBB08918BD8}"
EndProject
Project("{FAE04EC0-301F-11D3-BF4B-00C04F79EFBC}") = "Wochentag", "Wochentag\Wochentag.csproj", "{5EEA03AE-83B8-41BF-8247-D61D9CF67546}"
EndProject
Project("{FAE04EC0-301F-11D3-BF4B-00C04F79EFBC}") = "GeoFiguren", "GeoFiguren\GeoFiguren.csproj", "{5B937981-1990-45D0-97C5-648BB83D127A}"
EndProject
Project("{FAE04EC0-301F-11D3-BF4B-00C04F79EFBC}") = "Bankkonto", "Bankkonto\Bankkonto\Bankkonto.csproj", "{6E26EE55-3613-4862-A862-1932628D1945}"
EndProject
Project("{FAE04EC0-301F-11D3-BF4B-00C04F79EFBC}") = "T1-Konsole", "T1-Konsole\T1-Konsole.csproj", "{FE71125E-7C8B-4B24-88E6-233D2348475B}"
EndProject
Project("{FAE04EC0-301F-11D3-BF4B-00C04F79EFBC}") = "KochSequenzdiagramm", "KochSequenzdiagramm\KochSequenzdiagramm.csproj", "{B9721599-6B69-411E-BDDE-631FB642D713}"
EndProject
Project("{FAE04EC0-301F-11D3-BF4B-00C04F79EFBC}") = "SaalplanSD", "SaalplanSD\SaalplanSD.csproj", "{60EB6D90-37D6-4D85-B734-A012A75C8CF5}"
EndProject
Project("{FAE04EC0-301F-11D3-BF4B-00C04F79EFBC}") = "WarenkorbSD", "WarenkorbSD\WarenkorbSD.csproj", "{18F65342-2484-45F5-9278-70DE1B32B664}"
EndProject
Global
	GlobalSection(SolutionConfigurationPlatforms) = preSolution
		Debug|Any CPU = Debug|Any CPU
		Release|Any CPU = Release|Any CPU
	EndGlobalSection
	GlobalSection(ProjectConfigurationPlatforms) = postSolution
		{FD615E04-1B7E-441F-B6C5-7B3020CF59AC}.Debug|Any CPU.ActiveCfg = Debug|Any CPU
		{FD615E04-1B7E-441F-B6C5-7B3020CF59AC}.Debug|Any CPU.Build.0 = Debug|Any CPU
		{FD615E04-1B7E-441F-B6C5-7B3020CF59AC}.Release|Any CPU.ActiveCfg = Release|Any CPU
		{FD615E04-1B7E-441F-B6C5-7B3020CF59AC}.Release|Any CPU.Build.0 = Release|Any CPU
		{C2B71F6B-7041-4933-BA3A-0DBB08918BD8}.Debug|Any CPU.ActiveCfg = Debug|Any CPU
		{C2B71F6B-7041-4933-BA3A-0DBB08918BD8}.Debug|Any CPU.Build.0 = Debug|Any CPU
		{C2B71F6B-7041-4933-BA3A-0DBB08918BD8}.Release|Any CPU.ActiveCfg = Release|Any CPU
		{C2B71F6B-7041-4933-BA3A-0DBB08918BD8}.Release|Any CPU.Build.0 = Release|Any CPU
		{5EEA03AE-83B8-41BF-8247-D61D9CF67546}.Debug|Any CPU.ActiveCfg = Debug|Any CPU
		{5EEA03AE-83B8-41BF-8247-D61D9CF67546}.Debug|Any CPU.Build.0 = Debug|Any CPU
		{5EEA03AE-83B8-41BF-8247-D61D9CF67546}.Release|Any CPU.ActiveCfg = Release|Any CPU
		{5EEA03AE-83B8-41BF-8247-D61D9CF67546}.Release|Any CPU.Build.0 = Release|Any CPU
		{5B937981-1990-45D0-97C5-648BB83D127A}.Debug|Any CPU.ActiveCfg = Debug|Any CPU
		{5B937981-1990-45D0-97C5-648BB83D127A}.Debug|Any CPU.Build.0 = Debug|Any CPU
		{5B937981-1990-45D0-97C5-648BB83D127A}.Release|Any CPU.ActiveCfg = Release|Any CPU
		{5B937981-1990-45D0-97C5-648BB83D127A}.Release|Any CPU.Build.0 = Release|Any CPU
		{6E26EE55-3613-4862-A862-1932628D1945}.Debug|Any CPU.ActiveCfg = Debug|Any CPU
		{6E26EE55-3613-4862-A862-1932628D1945}.Debug|Any CPU.Build.0 = Debug|Any CPU
		{6E26EE55-3613-4862-A862-1932628D1945}.Release|Any CPU.ActiveCfg = Release|Any CPU
		{6E26EE55-3613-4862-A862-1932628D1945}.Release|Any CPU.Build.0 = Release|Any CPU
		{FE71125E-7C8B-4B24-88E6-233D2348475B}.Debug|Any CPU.ActiveCfg = Debug|Any CPU
		{FE71125E-7C8B-4B24-88E6-233D2348475B}.Debug|Any CPU.Build.0 = Debug|Any CPU
		{FE71125E-7C8B-4B24-88E6-233D2348475B}.Release|Any CPU.ActiveCfg = Release|Any CPU
		{FE71125E-7C8B-4B24-88E6-233D2348475B}.Release|Any CPU.Build.0 = Release|Any CPU
		{B9721599-6B69-411E-BDDE-631FB642D713}.Debug|Any CPU.ActiveCfg = Debug|Any CPU
		{B9721599-6B69-411E-BDDE-631FB642D713}.Debug|Any CPU.Build.0 = Debug|Any CPU
		{B9721599-6B69-411E-BDDE-631FB642D713}.Release|Any CPU.ActiveCfg = Release|Any CPU
		{B9721599-6B69-411E-BDDE-631FB642D713}.Release|Any CPU.Build.0 = Release|Any CPU
		{60EB6D90-37D6-4D85-B734-A012A75C8CF5}.Debug|Any CPU.ActiveCfg = Debug|Any CPU
		{60EB6D90-37D6-4D85-B734-A012A75C8CF5}.Debug|Any CPU.Build.0 = Debug|Any CPU
		{60EB6D90-37D6-4D85-B734-A012A75C8CF5}.Release|Any CPU.ActiveCfg = Release|Any CPU
		{60EB6D90-37D6-4D85-B734-A012A75C8CF5}.Release|Any CPU.Build.0 = Release|Any CPU
		{18F65342-2484-45F5-9278-70DE1B32B664}.Debug|Any CPU.ActiveCfg = Debug|Any CPU
		{18F65342-2484-45F5-9278-70DE1B32B664}.Debug|Any CPU.Build.0 = Debug|Any CPU
		{18F65342-2484-45F5-9278-70DE1B32B664}.Release|Any CPU.ActiveCfg = Release|Any CPU
		{18F65342-2484-45F5-9278-70DE1B32B664}.Release|Any CPU.Build.0 = Release|Any CPU
	EndGlobalSection
	GlobalSection(SolutionProperties) = preSolution
		HideSolutionNode = FALSE
	EndGlobalSection
	GlobalSection(NestedProjects) = preSolution
		{FD615E04-1B7E-441F-B6C5-7B3020CF59AC} = {ECA9B94F-B3D6-431E-9671-E4DB5947E760}
		{C2B71F6B-7041-4933-BA3A-0DBB08918BD8} = {ECA9B94F-B3D6-431E-9671-E4DB5947E760}
		{5EEA03AE-83B8-41BF-8247-D61D9CF67546} = {ECA9B94F-B3D6-431E-9671-E4DB5947E760}
		{5B937981-1990-45D0-97C5-648BB83D127A} = {9752F5A5-D360-4427-B4FC-BE31CDFEC030}
		{6E26EE55-3613-4862-A862-1932628D1945} = {A6F394AD-8D09-4240-8247-D3CD4148EDE3}
		{FE71125E-7C8B-4B24-88E6-233D2348475B} = {A6F394AD-8D09-4240-8247-D3CD4148EDE3}
		{B9721599-6B69-411E-BDDE-631FB642D713} = {A6F394AD-8D09-4240-8247-D3CD4148EDE3}
		{60EB6D90-37D6-4D85-B734-A012A75C8CF5} = {A6F394AD-8D09-4240-8247-D3CD4148EDE3}
		{18F65342-2484-45F5-9278-70DE1B32B664} = {6B46D122-F5C4-4410-B7D3-54DA28D8B8BC}
	EndGlobalSection
	GlobalSection(ExtensibilityGlobals) = postSolution
		SolutionGuid = {FB5DCDE9-D529-454D-B5E8-2772E6C83365}
	EndGlobalSection
EndGlobal
